
Microsoft Visual Studio Solution File, Format Version 9.00
# Visual Studio 2005
Project("{8BC9CEB8-8B4A-11D0-8D11-00A0C91BC942}") = "cl_dll", "cl_dll.vcproj", "{D0902C66-5A6F-4221-8FC6-381525F9AF0C}"
EndProject
Global
	GlobalSection(SolutionConfigurationPlatforms) = preSolution
		Debug|Win32 = Debug|Win32
		Release|Win32 = Release|Win32
	EndGlobalSection
	GlobalSection(ProjectConfigurationPlatforms) = postSolution
		{D0902C66-5A6F-4221-8FC6-381525F9AF0C}.Debug|Win32.ActiveCfg = Debug|Win32
		{D0902C66-5A6F-4221-8FC6-381525F9AF0C}.Debug|Win32.Build.0 = Debug|Win32
		{D0902C66-5A6F-4221-8FC6-381525F9AF0C}.Release|Win32.ActiveCfg = Release|Win32
		{D0902C66-5A6F-4221-8FC6-381525F9AF0C}.Release|Win32.Build.0 = Release|Win32
	EndGlobalSection
	GlobalSection(SolutionProperties) = preSolution
		HideSolutionNode = FALSE
	EndGlobalSection
EndGlobal
